
Microsoft Visual Studio Solution File, Format Version 12.00
# Visual Studio Version 17
VisualStudioVersion = 17.4.33103.184
MinimumVisualStudioVersion = 10.0.40219.1
Project("{9A19103F-16F7-4668-BE54-9A1E7A4F7556}") = "Starlight", "Starlight\Starlight.csproj", "{83A4A18A-3217-4767-87FC-F2624142CD60}"
EndProject
Project("{9A19103F-16F7-4668-BE54-9A1E7A4F7556}") = "Starlight.Server", "src\Starlight.Server\Starlight.Server.csproj", "{79A8AB27-1232-4681-A568-A3F24B023CF2}"
EndProject
Project("{FAE04EC0-301F-11D3-BF4B-00C04F79EFBC}") = "Starlight.Tests", "src\Starlight.Tests\Starlight.Tests.csproj", "{D5B7E96C-2A39-4517-A56F-CA956BD1B09F}"
EndProject
Project("{2150E333-8FDC-42A3-9474-1A3956D46DE8}") = "Server", "Server", "{937257C1-E426-46F6-A9DC-F87407C74C57}"
EndProject
Global
	GlobalSection(SolutionConfigurationPlatforms) = preSolution
		Debug|Any CPU = Debug|Any CPU
		Release|Any CPU = Release|Any CPU
	EndGlobalSection
	GlobalSection(ProjectConfigurationPlatforms) = postSolution
		{83A4A18A-3217-4767-87FC-F2624142CD60}.Debug|Any CPU.ActiveCfg = Debug|Any CPU
		{83A4A18A-3217-4767-87FC-F2624142CD60}.Debug|Any CPU.Build.0 = Debug|Any CPU
		{83A4A18A-3217-4767-87FC-F2624142CD60}.Release|Any CPU.ActiveCfg = Release|Any CPU
		{83A4A18A-3217-4767-87FC-F2624142CD60}.Release|Any CPU.Build.0 = Release|Any CPU
		{79A8AB27-1232-4681-A568-A3F24B023CF2}.Debug|Any CPU.ActiveCfg = Debug|Any CPU
		{79A8AB27-1232-4681-A568-A3F24B023CF2}.Debug|Any CPU.Build.0 = Debug|Any CPU
		{79A8AB27-1232-4681-A568-A3F24B023CF2}.Release|Any CPU.ActiveCfg = Release|Any CPU
		{79A8AB27-1232-4681-A568-A3F24B023CF2}.Release|Any CPU.Build.0 = Release|Any CPU
		{D5B7E96C-2A39-4517-A56F-CA956BD1B09F}.Debug|Any CPU.ActiveCfg = Debug|Any CPU
		{D5B7E96C-2A39-4517-A56F-CA956BD1B09F}.Debug|Any CPU.Build.0 = Debug|Any CPU
		{D5B7E96C-2A39-4517-A56F-CA956BD1B09F}.Release|Any CPU.ActiveCfg = Release|Any CPU
		{D5B7E96C-2A39-4517-A56F-CA956BD1B09F}.Release|Any CPU.Build.0 = Release|Any CPU
	EndGlobalSection
	GlobalSection(SolutionProperties) = preSolution
		HideSolutionNode = FALSE
	EndGlobalSection
	GlobalSection(NestedProjects) = preSolution
		{79A8AB27-1232-4681-A568-A3F24B023CF2} = {937257C1-E426-46F6-A9DC-F87407C74C57}
		{D5B7E96C-2A39-4517-A56F-CA956BD1B09F} = {937257C1-E426-46F6-A9DC-F87407C74C57}
	EndGlobalSection
	GlobalSection(ExtensibilityGlobals) = postSolution
		SolutionGuid = {98046F4F-D474-4C7B-AA29-B3B11FFED67C}
	EndGlobalSection
EndGlobal
